
Microsoft Visual Studio Solution File, Format Version 12.00
# Visual Studio Version 17
VisualStudioVersion = 17.0.31314.256
MinimumVisualStudioVersion = 10.0.40219.1
Project("{2150E333-8FDC-42A3-9474-1A3956D46DE8}") = "Engine", "Engine", "{233774A8-CC9D-3FA9-86D1-90573E92B704}"
EndProject
Project("{2150E333-8FDC-42A3-9474-1A3956D46DE8}") = "Games", "Games", "{DE1F8B53-6C02-3C13-9101-A7C8D96F3FF6}"
EndProject
Project("{8BC9CEB8-8B4A-11D0-8D11-00A0C91BC942}") = "YAW2G", "Intermediate\ProjectFiles\YAW2G.vcxproj", "{F3E6599E-92BF-3D47-8637-FC956498323E}"
EndProject
Project("{8BC9CEB8-8B4A-11D0-8D11-00A0C91BC942}") = "UE5", "Intermediate\ProjectFiles\UE5.vcxproj", "{5B1044A6-2273-3BE4-BBBF-3E8E4A840DF0}"
EndProject
Project("{2150E333-8FDC-42A3-9474-1A3956D46DE8}") = "Visualizers", "Visualizers", "{1CCEC849-CC72-4C59-8C36-2F7C38706D4C}"
	ProjectSection(SolutionItems) = preProject
		E:\Unreal Engine\UE_5.0\Engine\Extras\VisualStudioDebugging\Unreal.natvis = E:\Unreal Engine\UE_5.0\Engine\Extras\VisualStudioDebugging\Unreal.natvis
	EndProjectSection
EndProject
Global
	GlobalSection(SolutionConfigurationPlatforms) = preSolution
		DebugGame Editor|Win64 = DebugGame Editor|Win64
		DebugGame|Win64 = DebugGame|Win64
		Development Editor|Win64 = Development Editor|Win64
		Development|Win64 = Development|Win64
		Shipping|Win64 = Shipping|Win64
	EndGlobalSection
	# UnrealVS Section
	GlobalSection(ddbf523f-7eb6-4887-bd51-85a714ff87eb) = preSolution
		AvailablePlatforms=Win64
	EndGlobalSection
	GlobalSection(ProjectConfigurationPlatforms) = postSolution
		{F3E6599E-92BF-3D47-8637-FC956498323E}.DebugGame Editor|Win64.ActiveCfg = DebugGame_Editor|x64
		{F3E6599E-92BF-3D47-8637-FC956498323E}.DebugGame Editor|Win64.Build.0 = DebugGame_Editor|x64
		{F3E6599E-92BF-3D47-8637-FC956498323E}.DebugGame|Win64.ActiveCfg = DebugGame|x64
		{F3E6599E-92BF-3D47-8637-FC956498323E}.DebugGame|Win64.Build.0 = DebugGame|x64
		{F3E6599E-92BF-3D47-8637-FC956498323E}.Development Editor|Win64.ActiveCfg = Development_Editor|x64
		{F3E6599E-92BF-3D47-8637-FC956498323E}.Development Editor|Win64.Build.0 = Development_Editor|x64
		{F3E6599E-92BF-3D47-8637-FC956498323E}.Development|Win64.ActiveCfg = Development|x64
		{F3E6599E-92BF-3D47-8637-FC956498323E}.Development|Win64.Build.0 = Development|x64
		{F3E6599E-92BF-3D47-8637-FC956498323E}.Shipping|Win64.ActiveCfg = Shipping|x64
		{F3E6599E-92BF-3D47-8637-FC956498323E}.Shipping|Win64.Build.0 = Shipping|x64
		{5B1044A6-2273-3BE4-BBBF-3E8E4A840DF0}.DebugGame Editor|Win64.ActiveCfg = BuiltWithUnrealBuildTool|Win64
		{5B1044A6-2273-3BE4-BBBF-3E8E4A840DF0}.DebugGame|Win64.ActiveCfg = BuiltWithUnrealBuildTool|Win64
		{5B1044A6-2273-3BE4-BBBF-3E8E4A840DF0}.Development Editor|Win64.ActiveCfg = BuiltWithUnrealBuildTool|Win64
		{5B1044A6-2273-3BE4-BBBF-3E8E4A840DF0}.Development|Win64.ActiveCfg = BuiltWithUnrealBuildTool|Win64
		{5B1044A6-2273-3BE4-BBBF-3E8E4A840DF0}.Shipping|Win64.ActiveCfg = BuiltWithUnrealBuildTool|Win64
	EndGlobalSection
	GlobalSection(SolutionProperties) = preSolution
		HideSolutionNode = FALSE
	EndGlobalSection
	GlobalSection(NestedProjects) = preSolution
		{5B1044A6-2273-3BE4-BBBF-3E8E4A840DF0} = {233774A8-CC9D-3FA9-86D1-90573E92B704}
		{F3E6599E-92BF-3D47-8637-FC956498323E} = {DE1F8B53-6C02-3C13-9101-A7C8D96F3FF6}
	EndGlobalSection
EndGlobal
